// !$*UTF8*$!
{
	archiveVersion = 1;
	classes = {
	};
	objectVersion = 77;
	objects = {

/* Begin PBXBuildFile section */
		5B3D8854300F65BA00EDB954 /* Auth in Frameworks */ = {isa = PBXBuildFile; productRef = 5B3D8853300F65BA00EDB954 /* Auth */; };
		5B3D8856300F65BA00EDB954 /* Functions in Frameworks */ = {isa = PBXBuildFile; productRef = 5B3D8855300F65BA00EDB954 /* Functions */; };
		5B3D8858300F65BA00EDB954 /* PostgREST in Frameworks */ = {isa = PBXBuildFile; productRef = 5B3D8857300F65BA00EDB954 /* PostgREST */; };
		5B3D885A300F65BA00EDB954 /* Realtime in Frameworks */ = {isa = PBXBuildFile; productRef = 5B3D8859300F65BA00EDB954 /* Realtime */; };
		5B3D885C300F65BA00EDB954 /* Storage in Frameworks */ = {isa = PBXBuildFile; productRef = 5B3D885B300F65BA00EDB954 /* Storage */; };
		5B3D885E300F65BA00EDB954 /* Supabase in Frameworks */ = {isa = PBXBuildFile; productRef = 5B3D885D300F65BA00EDB954 /* Supabase */; };
		5B9F15BF2F8EC56600BE13E8 /* GoogleSignIn in Frameworks */ = {isa = PBXBuildFile; productRef = 5B9F15BE2F8EC56600BE13E8 /* GoogleSignIn */; };
		5B9F15C12F8EC56600BE13E8 /* GoogleSignInSwift in Frameworks */ = {isa = PBXBuildFile; productRef = 5B9F15C02F8EC56600BE13E8 /* GoogleSignInSwift */; };
/* End PBXBuildFile section */

/* Begin PBXFileReference section */
		5B57F7A92F58240B00D832A6 /* Irene.app */ = {isa = PBXFileReference; explicitFileType = wrapper.application; includeInIndex = 0; path = Irene.app; sourceTree = BUILT_PRODUCTS_DIR; };
/* End PBXFileReference section */

/* Begin PBXFileSystemSynchronizedBuildFileExceptionSet section */
		5B3D8864300F771200EDB954 /* Exceptions for "Irene" folder in "Irene" target */ = {
			isa = PBXFileSystemSynchronizedBuildFileExceptionSet;
			membershipExceptions = (
				Info.plist,
			);
			target = 5B57F7A82F58240B00D832A6 /* Irene */;
		};
/* End PBXFileSystemSynchronizedBuildFileExceptionSet section */

/* Begin PBXFileSystemSynchronizedRootGroup section */
		5B57F7AB2F58240B00D832A6 /* Irene */ = {
			isa = PBXFileSystemSynchronizedRootGroup;
			exceptions = (
				5B3D8864300F771200EDB954 /* Exceptions for "Irene" folder in "Irene" target */,
			);
			path = Irene;
			sourceTree = "<group>";
		};
/* End PBXFileSystemSynchronizedRootGroup section */

/* Begin PBXFrameworksBuildPhase section */
		5B57F7A62F58240B00D832A6 /* Frameworks */ = {
			isa = PBXFrameworksBuildPhase;
			buildActionMask = 2147483647;
			files = (
				5B3D885C300F65BA00EDB954 /* Storage in Frameworks */,
				5B3D8856300F65BA00EDB954 /* Functions in Frameworks */,
				5B3D885A300F65BA00EDB954 /* Realtime in Frameworks */,
				5B3D8858300F65BA00EDB954 /* PostgREST in Frameworks */,
				5B9F15BF2F8EC56600BE13E8 /* GoogleSignIn in Frameworks */,
				5B3D8854300F65BA00EDB954 /* Auth in Frameworks */,
				5B3D885E300F65BA00EDB954 /* Supabase in Frameworks */,
				5B9F15C12F8EC56600BE13E8 /* GoogleSignInSwift in Frameworks */,
			);
			runOnlyForDeploymentPostprocessing = 0;
		};
/* End PBXFrameworksBuildPhase section */

/* Begin PBXGroup section */
		5B06DBDF2F7D39500019C4D0 /* Frameworks */ = {
			isa = PBXGroup;
			children = (
			);
			name = Frameworks;
			sourceTree = "<group>";
		};
		5B57F7A02F58240B00D832A6 = {
			isa = PBXGroup;
			children = (
				5B57F7AB2F58240B00D832A6 /* Irene */,
				5B06DBDF2F7D39500019C4D0 /* Frameworks */,
				5B57F7AA2F58240B00D832A6 /* Products */,
			);
			sourceTree = "<group>";
		};
		5B57F7AA2F58240B00D832A6 /* Products */ = {
			isa = PBXGroup;
			children = (
				5B57F7A92F58240B00D832A6 /* Irene.app */,
			);
			name = Products;
			sourceTree = "<group>";
		};
/* End PBXGroup section */

/* Begin PBXNativeTarget section */
		5B57F7A82F58240B00D832A6 /* Irene */ = {
			isa = PBXNativeTarget;
			buildConfigurationList = 5B57F7B42F58240C00D832A6 /* Build configuration list for PBXNativeTarget "Irene" */;
			buildPhases = (
				5B57F7A52F58240B00D832A6 /* Sources */,
				5B57F7A62F58240B00D832A6 /* Frameworks */,
				5B57F7A72F58240B00D832A6 /* Resources */,
			);
			buildRules = (
			);
			dependencies = (
			);
			fileSystemSynchronizedGroups = (
				5B57F7AB2F58240B00D832A6 /* Irene */,
			);
			name = Irene;
			packageProductDependencies = (
				5B9F15BE2F8EC56600BE13E8 /* GoogleSignIn */,
				5B9F15C02F8EC56600BE13E8 /* GoogleSignInSwift */,
				5B3D8853300F65BA00EDB954 /* Auth */,
				5B3D8855300F65BA00EDB954 /* Functions */,
				5B3D8857300F65BA00EDB954 /* PostgREST */,
				5B3D8859300F65BA00EDB954 /* Realtime */,
				5B3D885B300F65BA00EDB954 /* Storage */,
				5B3D885D300F65BA00EDB954 /* Supabase */,
			);
			productName = SafeMind;
			productReference = 5B57F7A92F58240B00D832A6 /* Irene.app */;
			productType = "com.apple.product-type.application";
		};
/* End PBXNativeTarget section */

/* Begin PBXProject section */
		5B57F7A12F58240B00D832A6 /* Project object */ = {
			isa = PBXProject;
			attributes = {
				BuildIndependentTargetsInParallel = 1;
				LastSwiftUpdateCheck = 2630;
				LastUpgradeCheck = 2640;
				TargetAttributes = {
					5B57F7A82F58240B00D832A6 = {
						CreatedOnToolsVersion = 26.3;
					};
				};
			};
			buildConfigurationList = 5B57F7A42F58240B00D832A6 /* Build configuration list for PBXProject "Irene" */;
			developmentRegion = en;
			hasScannedForEncodings = 0;
			knownRegions = (
				en,
				Base,
			);
			mainGroup = 5B57F7A02F58240B00D832A6;
			minimizedProjectReferenceProxies = 1;
			packageReferences = (
				5B9F15BD2F8EC56600BE13E8 /* XCRemoteSwiftPackageReference "GoogleSignIn-iOS" */,
				5BE4EBA4300F5119005EB521 /* XCRemoteSwiftPackageReference "supabase-swift" */,
			);
			preferredProjectObjectVersion = 77;
			productRefGroup = 5B57F7AA2F58240B00D832A6 /* Products */;
			projectDirPath = "";
			projectRoot = "";
			targets = (
				5B57F7A82F58240B00D832A6 /* Irene */,
			);
		};
/* End PBXProject section */

/* Begin PBXResourcesBuildPhase section */
		5B57F7A72F58240B00D832A6 /* Resources */ = {
			isa = PBXResourcesBuildPhase;
			buildActionMask = 2147483647;
			files = (
			);
			runOnlyForDeploymentPostprocessing = 0;
		};
/* End PBXResourcesBuildPhase section */

/* Begin PBXSourcesBuildPhase section */
		5B57F7A52F58240B00D832A6 /* Sources */ = {
			isa = PBXSourcesBuildPhase;
			buildActionMask = 2147483647;
			files = (
			);
			runOnlyForDeploymentPostprocessing = 0;
		};
/* End PBXSourcesBuildPhase section */

/* Begin XCBuildConfiguration section */
		5B57F7B22F58240C00D832A6 /* Debug */ = {
			isa = XCBuildConfiguration;
			buildSettings = {
				ALWAYS_SEARCH_USER_PATHS = NO;
				ASSETCATALOG_COMPILER_GENERATE_SWIFT_ASSET_SYMBOL_EXTENSIONS = YES;
				CLANG_ANALYZER_NONNULL = YES;
				CLANG_ANALYZER_NUMBER_OBJECT_CONVERSION = YES_AGGRESSIVE;
				CLANG_CXX_LANGUAGE_STANDARD = "gnu++20";
				CLANG_ENABLE_MODULES = YES;
				CLANG_ENABLE_OBJC_ARC = YES;
				CLANG_ENABLE_OBJC_WEAK = YES;
				CLANG_WARN_BLOCK_CAPTURE_AUTORELEASING = YES;
				CLANG_WARN_BOOL_CONVERSION = YES;
				CLANG_WARN_COMMA = YES;
				CLANG_WARN_CONSTANT_CONVERSION = YES;
				CLANG_WARN_DEPRECATED_OBJC_IMPLEMENTATIONS = YES;
				CLANG_WARN_DIRECT_OBJC_ISA_USAGE = YES_ERROR;
				CLANG_WARN_DOCUMENTATION_COMMENTS = YES;
				CLANG_WARN_EMPTY_BODY = YES;
				CLANG_WARN_ENUM_CONVERSION = YES;
				CLANG_WARN_INFINITE_RECURSION = YES;
				CLANG_WARN_INT_CONVERSION = YES;
				CLANG_WARN_NON_LITERAL_NULL_CONVERSION = YES;
				CLANG_WARN_OBJC_IMPLICIT_RETAIN_SELF = YES;
				CLANG_WARN_OBJC_LITERAL_CONVERSION = YES;
				CLANG_WARN_OBJC_ROOT_CLASS = YES_ERROR;
				CLANG_WARN_QUOTED_INCLUDE_IN_FRAMEWORK_HEADER = YES;
				CLANG_WARN_RANGE_LOOP_ANALYSIS = YES;
				CLANG_WARN_STRICT_PROTOTYPES = YES;
				CLANG_WARN_SUSPICIOUS_MOVE = YES;
				CLANG_WARN_UNGUARDED_AVAILABILITY = YES_AGGRESSIVE;
				CLANG_WARN_UNREACHABLE_CODE = YES;
				CLANG_WARN__DUPLICATE_METHOD_MATCH = YES;
				COPY_PHASE_STRIP = NO;
				DEBUG_INFORMATION_FORMAT = dwarf;
				ENABLE_STRICT_OBJC_MSGSEND = YES;
				ENABLE_TESTABILITY = YES;
				ENABLE_USER_SCRIPT_SANDBOXING = YES;
				GCC_C_LANGUAGE_STANDARD = gnu17;
				GCC_DYNAMIC_NO_PIC = NO;
				GCC_NO_COMMON_BLOCKS = YES;
				GCC_OPTIMIZATION_LEVEL = 0;
				GCC_PREPROCESSOR_DEFINITIONS = (
					"DEBUG=1",
					"$(inherited)",
				);
				GCC_WARN_64_TO_32_BIT_CONVERSION = YES;
				GCC_WARN_ABOUT_RETURN_TYPE = YES_ERROR;
				GCC_WARN_UNDECLARED_SELECTOR = YES;
				GCC_WARN_UNINITIALIZED_AUTOS = YES_AGGRESSIVE;
				GCC_WARN_UNUSED_FUNCTION = YES;
				GCC_WARN_UNUSED_VARIABLE = YES;
				IPHONEOS_DEPLOYMENT_TARGET = 26.2;
				LOCALIZATION_PREFERS_STRING_CATALOGS = YES;
				MTL_ENABLE_DEBUG_INFO = INCLUDE_SOURCE;
				MTL_FAST_MATH = YES;
				ONLY_ACTIVE_ARCH = YES;
				SDKROOT = iphoneos;
				STRING_CATALOG_GENERATE_SYMBOLS = YES;
				SWIFT_ACTIVE_COMPILATION_CONDITIONS = "DEBUG $(inherited)";
				SWIFT_OPTIMIZATION_LEVEL = "-Onone";
			};
			name = Debug;
		};
		5B57F7B32F58240C00D832A6 /* Release */ = {
			isa = XCBuildConfiguration;
			buildSettings = {
				ALWAYS_SEARCH_USER_PATHS = NO;
				ASSETCATALOG_COMPILER_GENERATE_SWIFT_ASSET_SYMBOL_EXTENSIONS = YES;
				CLANG_ANALYZER_NONNULL = YES;
				CLANG_ANALYZER_NUMBER_OBJECT_CONVERSION = YES_AGGRESSIVE;
				CLANG_CXX_LANGUAGE_STANDARD = "gnu++20";
				CLANG_ENABLE_MODULES = YES;
				CLANG_ENABLE_OBJC_ARC = YES;
				CLANG_ENABLE_OBJC_WEAK = YES;
				CLANG_WARN_BLOCK_CAPTURE_AUTORELEASING = YES;
				CLANG_WARN_BOOL_CONVERSION = YES;
				CLANG_WARN_COMMA = YES;
				CLANG_WARN_CONSTANT_CONVERSION = YES;
				CLANG_WARN_DEPRECATED_OBJC_IMPLEMENTATIONS = YES;
				CLANG_WARN_DIRECT_OBJC_ISA_USAGE = YES_ERROR;
				CLANG_WARN_DOCUMENTATION_COMMENTS = YES;
				CLANG_WARN_EMPTY_BODY = YES;
				CLANG_WARN_ENUM_CONVERSION = YES;
				CLANG_WARN_INFINITE_RECURSION = YES;
				CLANG_WARN_INT_CONVERSION = YES;
				CLANG_WARN_NON_LITERAL_NULL_CONVERSION = YES;
				CLANG_WARN_OBJC_IMPLICIT_RETAIN_SELF = YES;
				CLANG_WARN_OBJC_LITERAL_CONVERSION = YES;
				CLANG_WARN_OBJC_ROOT_CLASS = YES_ERROR;
				CLANG_WARN_QUOTED_INCLUDE_IN_FRAMEWORK_HEADER = YES;
				CLANG_WARN_RANGE_LOOP_ANALYSIS = YES;
				CLANG_WARN_STRICT_PROTOTYPES = YES;
				CLANG_WARN_SUSPICIOUS_MOVE = YES;
				CLANG_WARN_UNGUARDED_AVAILABILITY = YES_AGGRESSIVE;
				CLANG_WARN_UNREACHABLE_CODE = YES;
				CLANG_WARN__DUPLICATE_METHOD_MATCH = YES;
				COPY_PHASE_STRIP = NO;
				DEBUG_INFORMATION_FORMAT = "dwarf-with-dsym";
				ENABLE_NS_ASSERTIONS = NO;
				ENABLE_STRICT_OBJC_MSGSEND = YES;
				ENABLE_USER_SCRIPT_SANDBOXING = YES;
				GCC_C_LANGUAGE_STANDARD = gnu17;
				GCC_NO_COMMON_BLOCKS = YES;
				GCC_WARN_64_TO_32_BIT_CONVERSION = YES;
				GCC_WARN_ABOUT_RETURN_TYPE = YES_ERROR;
				GCC_WARN_UNDECLARED_SELECTOR = YES;
				GCC_WARN_UNINITIALIZED_AUTOS = YES_AGGRESSIVE;
				GCC_WARN_UNUSED_FUNCTION = YES;
				GCC_WARN_UNUSED_VARIABLE = YES;
				IPHONEOS_DEPLOYMENT_TARGET = 26.2;
				LOCALIZATION_PREFERS_STRING_CATALOGS = YES;
				MTL_ENABLE_DEBUG_INFO = NO;
				MTL_FAST_MATH = YES;
				SDKROOT = iphoneos;
				STRING_CATALOG_GENERATE_SYMBOLS = YES;
				SWIFT_COMPILATION_MODE = wholemodule;
				VALIDATE_PRODUCT = YES;
			};
			name = Release;
		};
		5B57F7B52F58240C00D832A6 /* Debug */ = {
			isa = XCBuildConfiguration;
			buildSettings = {
				ASSETCATALOG_COMPILER_APPICON_NAME = AppIcon;
				ASSETCATALOG_COMPILER_GLOBAL_ACCENT_COLOR_NAME = AccentColor;
				CODE_SIGN_ENTITLEMENTS = SafeMind/SafeMind.entitlements;
				CODE_SIGN_STYLE = Automatic;
				CURRENT_PROJECT_VERSION = 1;
				DEVELOPMENT_TEAM = BUF6GWU767;
				ENABLE_PREVIEWS = YES;
				GENERATE_INFOPLIST_FILE = YES;
				INFOPLIST_FILE = SafeMind/Info.plist;
				INFOPLIST_KEY_CFBundleDisplayName = Irene;
				INFOPLIST_KEY_LSApplicationCategoryType = "public.app-category.healthcare-fitness";
				INFOPLIST_KEY_UIApplicationSceneManifest_Generation = YES;
				INFOPLIST_KEY_UIApplicationSupportsIndirectInputEvents = YES;
				INFOPLIST_KEY_UILaunchScreen_Generation = YES;
				INFOPLIST_KEY_UISupportedInterfaceOrientations = "UIInterfaceOrientationLandscapeLeft UIInterfaceOrientationLandscapeRight UIInterfaceOrientationPortrait UIInterfaceOrientationPortraitUpsideDown";
				IPHONEOS_DEPLOYMENT_TARGET = 26.0;
				LD_RUNPATH_SEARCH_PATHS = (
					"$(inherited)",
					"@executable_path/Frameworks",
				);
				MARKETING_VERSION = 1.0;
				PRODUCT_BUNDLE_IDENTIFIER = name.anshuman.Irene;
				PRODUCT_NAME = "$(TARGET_NAME)";
				STRING_CATALOG_GENERATE_SYMBOLS = YES;
				SUPPORTED_PLATFORMS = "iphoneos iphonesimulator";
				SUPPORTS_MACCATALYST = NO;
				SUPPORTS_XR_DESIGNED_FOR_IPHONE_IPAD = NO;
				SWIFT_APPROACHABLE_CONCURRENCY = YES;
				SWIFT_DEFAULT_ACTOR_ISOLATION = MainActor;
				SWIFT_EMIT_LOC_STRINGS = YES;
				SWIFT_UPCOMING_FEATURE_MEMBER_IMPORT_VISIBILITY = YES;
				SWIFT_VERSION = 5.0;
				TARGETED_DEVICE_FAMILY = 1;
			};
			name = Debug;
		};
		5B57F7B62F58240C00D832A6 /* Release */ = {
			isa = XCBuildConfiguration;
			buildSettings = {
				ASSETCATALOG_COMPILER_APPICON_NAME = AppIcon;
				ASSETCATALOG_COMPILER_GLOBAL_ACCENT_COLOR_NAME = AccentColor;
				CODE_SIGN_ENTITLEMENTS = SafeMind/SafeMind.entitlements;
				CODE_SIGN_STYLE = Automatic;
				CURRENT_PROJECT_VERSION = 1;
				DEVELOPMENT_TEAM = BUF6GWU767;
				ENABLE_PREVIEWS = YES;
				GENERATE_INFOPLIST_FILE = YES;
				INFOPLIST_FILE = SafeMind/Info.plist;
				INFOPLIST_KEY_CFBundleDisplayName = Irene;
				INFOPLIST_KEY_LSApplicationCategoryType = "public.app-category.healthcare-fitness";
				INFOPLIST_KEY_UIApplicationSceneManifest_Generation = YES;
				INFOPLIST_KEY_UIApplicationSupportsIndirectInputEvents = YES;
				INFOPLIST_KEY_UILaunchScreen_Generation = YES;
				INFOPLIST_KEY_UISupportedInterfaceOrientations = "UIInterfaceOrientationLandscapeLeft UIInterfaceOrientationLandscapeRight UIInterfaceOrientationPortrait UIInterfaceOrientationPortraitUpsideDown";
				IPHONEOS_DEPLOYMENT_TARGET = 26.0;
				LD_RUNPATH_SEARCH_PATHS = (
					"$(inherited)",
					"@executable_path/Frameworks",
				);
				MARKETING_VERSION = 1.0;
				PRODUCT_BUNDLE_IDENTIFIER = name.anshuman.Irene;
				PRODUCT_NAME = "$(TARGET_NAME)";
				STRING_CATALOG_GENERATE_SYMBOLS = YES;
				SUPPORTED_PLATFORMS = "iphoneos iphonesimulator";
				SUPPORTS_MACCATALYST = NO;
				SUPPORTS_XR_DESIGNED_FOR_IPHONE_IPAD = NO;
				SWIFT_APPROACHABLE_CONCURRENCY = YES;
				SWIFT_DEFAULT_ACTOR_ISOLATION = MainActor;
				SWIFT_EMIT_LOC_STRINGS = YES;
				SWIFT_UPCOMING_FEATURE_MEMBER_IMPORT_VISIBILITY = YES;
				SWIFT_VERSION = 5.0;
				TARGETED_DEVICE_FAMILY = 1;
			};
			name = Release;
		};
/* End XCBuildConfiguration section */

/* Begin XCConfigurationList section */
		5B57F7A42F58240B00D832A6 /* Build configuration list for PBXProject "Irene" */ = {
			isa = XCConfigurationList;
			buildConfigurations = (
				5B57F7B22F58240C00D832A6 /* Debug */,
				5B57F7B32F58240C00D832A6 /* Release */,
			);
			defaultConfigurationIsVisible = 0;
			defaultConfigurationName = Release;
		};
		5B57F7B42F58240C00D832A6 /* Build configuration list for PBXNativeTarget "Irene" */ = {
			isa = XCConfigurationList;
			buildConfigurations = (
				5B57F7B52F58240C00D832A6 /* Debug */,
				5B57F7B62F58240C00D832A6 /* Release */,
			);
			defaultConfigurationIsVisible = 0;
			defaultConfigurationName = Release;
		};
/* End XCConfigurationList section */

/* Begin XCRemoteSwiftPackageReference section */
		5B9F15BD2F8EC56600BE13E8 /* XCRemoteSwiftPackageReference "GoogleSignIn-iOS" */ = {
			isa = XCRemoteSwiftPackageReference;
			repositoryURL = "https://github.com/google/GoogleSignIn-iOS";
			requirement = {
				kind = upToNextMajorVersion;
				minimumVersion = 9.1.0;
			};
		};
		5BE4EBA4300F5119005EB521 /* XCRemoteSwiftPackageReference "supabase-swift" */ = {
			isa = XCRemoteSwiftPackageReference;
			repositoryURL = "https://github.com/supabase/supabase-swift";
			requirement = {
				kind = upToNextMajorVersion;
				minimumVersion = 2.5.1;
			};
		};
/* End XCRemoteSwiftPackageReference section */

/* Begin XCSwiftPackageProductDependency section */
		5B3D8853300F65BA00EDB954 /* Auth */ = {
			isa = XCSwiftPackageProductDependency;
			package = 5BE4EBA4300F5119005EB521 /* XCRemoteSwiftPackageReference "supabase-swift" */;
			productName = Auth;
		};
		5B3D8855300F65BA00EDB954 /* Functions */ = {
			isa = XCSwiftPackageProductDependency;
			package = 5BE4EBA4300F5119005EB521 /* XCRemoteSwiftPackageReference "supabase-swift" */;
			productName = Functions;
		};
		5B3D8857300F65BA00EDB954 /* PostgREST */ = {
			isa = XCSwiftPackageProductDependency;
			package = 5BE4EBA4300F5119005EB521 /* XCRemoteSwiftPackageReference "supabase-swift" */;
			productName = PostgREST;
		};
		5B3D8859300F65BA00EDB954 /* Realtime */ = {
			isa = XCSwiftPackageProductDependency;
			package = 5BE4EBA4300F5119005EB521 /* XCRemoteSwiftPackageReference "supabase-swift" */;
			productName = Realtime;
		};
		5B3D885B300F65BA00EDB954 /* Storage */ = {
			isa = XCSwiftPackageProductDependency;
			package = 5BE4EBA4300F5119005EB521 /* XCRemoteSwiftPackageReference "supabase-swift" */;
			productName = Storage;
		};
		5B3D885D300F65BA00EDB954 /* Supabase */ = {
			isa = XCSwiftPackageProductDependency;
			package = 5BE4EBA4300F5119005EB521 /* XCRemoteSwiftPackageReference "supabase-swift" */;
			productName = Supabase;
		};
		5B9F15BE2F8EC56600BE13E8 /* GoogleSignIn */ = {
			isa = XCSwiftPackageProductDependency;
			package = 5B9F15BD2F8EC56600BE13E8 /* XCRemoteSwiftPackageReference "GoogleSignIn-iOS" */;
			productName = GoogleSignIn;
		};
		5B9F15C02F8EC56600BE13E8 /* GoogleSignInSwift */ = {
			isa = XCSwiftPackageProductDependency;
			package = 5B9F15BD2F8EC56600BE13E8 /* XCRemoteSwiftPackageReference "GoogleSignIn-iOS" */;
			productName = GoogleSignInSwift;
		};
/* End XCSwiftPackageProductDependency section */
	};
	rootObject = 5B57F7A12F58240B00D832A6 /* Project object */;
}
